// !$*UTF8*$!
{
	archiveVersion = 1;
	classes = {
	};
	objectVersion = 56;
	objects = {

/* Begin PBXBuildFile section */
		46928A46951586E5142ACD2E /* Pods_tribehub_ios_tribehub_iosUITests.framework in Frameworks */ = {isa = PBXBuildFile; fileRef = 2A37207A8AF7681B7F4B5F5D /* Pods_tribehub_ios_tribehub_iosUITests.framework */; };
		9C45C9F1193826A9068E494D /* Pods_tribehub_iosTests.framework in Frameworks */ = {isa = PBXBuildFile; fileRef = F7FCA9520419D7D5194AD928 /* Pods_tribehub_iosTests.framework */; };
		A117B97B29F2FF1700F7E40A /* HTTPError.swift in Sources */ = {isa = PBXBuildFile; fileRef = A117B97A29F2FF1700F7E40A /* HTTPError.swift */; };
		A11973A02A05410D00816B0D /* Account.storyboard in Resources */ = {isa = PBXBuildFile; fileRef = A119739E2A05410D00816B0D /* Account.storyboard */; };
		A1357CB429F29D0E00C90347 /* makeErrorAlert.swift in Sources */ = {isa = PBXBuildFile; fileRef = A1357CB329F29D0E00C90347 /* makeErrorAlert.swift */; };
		A1357CB629F2A4D700C90347 /* TribeModelController.swift in Sources */ = {isa = PBXBuildFile; fileRef = A1357CB529F2A4D700C90347 /* TribeModelController.swift */; };
		A1357CB829F2CA4700C90347 /* TabBarViewController.swift in Sources */ = {isa = PBXBuildFile; fileRef = A1357CB729F2CA4700C90347 /* TabBarViewController.swift */; };
		A13EB3F329FAB9D300750023 /* AccountNavigationController.swift in Sources */ = {isa = PBXBuildFile; fileRef = A13EB3F229FAB9D300750023 /* AccountNavigationController.swift */; };
		A13EB3F529FABAE500750023 /* AccountViewController.swift in Sources */ = {isa = PBXBuildFile; fileRef = A13EB3F429FABAE500750023 /* AccountViewController.swift */; };
		A13EB3FA29FAD04F00750023 /* AccountTableViewController.swift in Sources */ = {isa = PBXBuildFile; fileRef = A13EB3F929FAD04F00750023 /* AccountTableViewController.swift */; };
		A13EB3FC29FAEB3800750023 /* ManageTribeTableViewController.swift in Sources */ = {isa = PBXBuildFile; fileRef = A13EB3FB29FAEB3800750023 /* ManageTribeTableViewController.swift */; };
		A13EB3FF29FAFA3E00750023 /* GenericAPIResponse.swift in Sources */ = {isa = PBXBuildFile; fileRef = A13EB3FE29FAFA3E00750023 /* GenericAPIResponse.swift */; };
		A13EB40129FAFB1400750023 /* DeleteUserResource.swift in Sources */ = {isa = PBXBuildFile; fileRef = A13EB40029FAFB1400750023 /* DeleteUserResource.swift */; };
		A1551B9329D59F2B00D30446 /* APIResource.swift in Sources */ = {isa = PBXBuildFile; fileRef = A1551B9229D59F2B00D30446 /* APIResource.swift */; };
		A1551B9529D5A13500D30446 /* UserResource.swift in Sources */ = {isa = PBXBuildFile; fileRef = A1551B9429D5A13500D30446 /* UserResource.swift */; };
		A1551B9A29D5A81000D30446 /* APIRequest.swift in Sources */ = {isa = PBXBuildFile; fileRef = A1551B9929D5A81000D30446 /* APIRequest.swift */; };
		A16031D62A0D6EE0003D96C2 /* Home.storyboard in Resources */ = {isa = PBXBuildFile; fileRef = A16031D42A0D6EE0003D96C2 /* Home.storyboard */; };
		A16031D92A0D703D003D96C2 /* Contacts.storyboard in Resources */ = {isa = PBXBuildFile; fileRef = A16031D72A0D703D003D96C2 /* Contacts.storyboard */; };
		A162B8372A0D331700CC18CC /* EventsModel.swift in Sources */ = {isa = PBXBuildFile; fileRef = A162B8362A0D331700CC18CC /* EventsModel.swift */; };
		A162B8392A0D34B400CC18CC /* EventsModelController.swift in Sources */ = {isa = PBXBuildFile; fileRef = A162B8382A0D34B400CC18CC /* EventsModelController.swift */; };
		A162B83B2A0D34CF00CC18CC /* EventsResource.swift in Sources */ = {isa = PBXBuildFile; fileRef = A162B83A2A0D34CF00CC18CC /* EventsResource.swift */; };
		A167CF7B29D5E80F00240827 /* AuthResponseModel.swift in Sources */ = {isa = PBXBuildFile; fileRef = A167CF7A29D5E80F00240827 /* AuthResponseModel.swift */; };
		A167CF7D29D5FC5D00240827 /* TribeResource.swift in Sources */ = {isa = PBXBuildFile; fileRef = A167CF7C29D5FC5D00240827 /* TribeResource.swift */; };
		A17267B729F1572B00F612E7 /* README.md in Resources */ = {isa = PBXBuildFile; fileRef = A17267B629F1572B00F612E7 /* README.md */; };
		A17267C029F1895F00F612E7 /* UserModelController.swift in Sources */ = {isa = PBXBuildFile; fileRef = A17267BF29F1895F00F612E7 /* UserModelController.swift */; };
		A17267C929F1ACC900F612E7 /* SessionError.swift in Sources */ = {isa = PBXBuildFile; fileRef = A17267C829F1ACC900F612E7 /* SessionError.swift */; };
		A17BA3D629FC260000390E79 /* AddTribeMemberTableViewController.swift in Sources */ = {isa = PBXBuildFile; fileRef = A17BA3D529FC260000390E79 /* AddTribeMemberTableViewController.swift */; };
		A17BA3D829FC2F2A00390E79 /* AddTribeMemberContainerViewController.swift in Sources */ = {isa = PBXBuildFile; fileRef = A17BA3D729FC2F2A00390E79 /* AddTribeMemberContainerViewController.swift */; };
		A17BA3DA29FC347C00390E79 /* AddNewTribeMemberResource.swift in Sources */ = {isa = PBXBuildFile; fileRef = A17BA3D929FC347C00390E79 /* AddNewTribeMemberResource.swift */; };
		A17DE63E2A2A349400F2AEAD /* EventRecurrenceTypes.swift in Sources */ = {isa = PBXBuildFile; fileRef = A17DE63D2A2A349400F2AEAD /* EventRecurrenceTypes.swift */; };
		A17E99E92A1F6EDE00734C2B /* greyImage.swift in Sources */ = {isa = PBXBuildFile; fileRef = A17E99E82A1F6EDD00734C2B /* greyImage.swift */; };
		A17E99EB2A1F9F9600734C2B /* imageFromString.swift in Sources */ = {isa = PBXBuildFile; fileRef = A17E99EA2A1F9F9600734C2B /* imageFromString.swift */; };
		A17E99ED2A1FC16E00734C2B /* EventResponseResource.swift in Sources */ = {isa = PBXBuildFile; fileRef = A17E99EC2A1FC16E00734C2B /* EventResponseResource.swift */; };
		A17EAC1A29CDC96600D7CE00 /* AppDelegate.swift in Sources */ = {isa = PBXBuildFile; fileRef = A17EAC1929CDC96600D7CE00 /* AppDelegate.swift */; };
		A17EAC1C29CDC96600D7CE00 /* SceneDelegate.swift in Sources */ = {isa = PBXBuildFile; fileRef = A17EAC1B29CDC96600D7CE00 /* SceneDelegate.swift */; };
		A17EAC1E29CDC96600D7CE00 /* LoginViewController.swift in Sources */ = {isa = PBXBuildFile; fileRef = A17EAC1D29CDC96600D7CE00 /* LoginViewController.swift */; };
		A17EAC2129CDC96600D7CE00 /* Main.storyboard in Resources */ = {isa = PBXBuildFile; fileRef = A17EAC1F29CDC96600D7CE00 /* Main.storyboard */; };
		A17EAC2329CDC96900D7CE00 /* Assets.xcassets in Resources */ = {isa = PBXBuildFile; fileRef = A17EAC2229CDC96900D7CE00 /* Assets.xcassets */; };
		A17EAC2629CDC96900D7CE00 /* LaunchScreen.storyboard in Resources */ = {isa = PBXBuildFile; fileRef = A17EAC2429CDC96900D7CE00 /* LaunchScreen.storyboard */; };
		A17EAC3129CDC96A00D7CE00 /* tribehub_iosTests.swift in Sources */ = {isa = PBXBuildFile; fileRef = A17EAC3029CDC96A00D7CE00 /* tribehub_iosTests.swift */; };
		A17EAC3B29CDC96A00D7CE00 /* tribehub_iosUITests.swift in Sources */ = {isa = PBXBuildFile; fileRef = A17EAC3A29CDC96A00D7CE00 /* tribehub_iosUITests.swift */; };
		A17EAC3D29CDC96A00D7CE00 /* tribehub_iosUITestsLaunchTests.swift in Sources */ = {isa = PBXBuildFile; fileRef = A17EAC3C29CDC96A00D7CE00 /* tribehub_iosUITestsLaunchTests.swift */; };
		A17EAC4C29CDFD1B00D7CE00 /* test_credentials.plist in Resources */ = {isa = PBXBuildFile; fileRef = A17EAC4B29CDFD1B00D7CE00 /* test_credentials.plist */; };
		A17EAC4E29CE0C6B00D7CE00 /* UserModel.swift in Sources */ = {isa = PBXBuildFile; fileRef = A17EAC4D29CE0C6B00D7CE00 /* UserModel.swift */; };
		A17EAC5029CE166A00D7CE00 /* TribeModel.swift in Sources */ = {isa = PBXBuildFile; fileRef = A17EAC4F29CE166A00D7CE00 /* TribeModel.swift */; };
		A181476E29E806AC00AC3BE2 /* LoginResource.swift in Sources */ = {isa = PBXBuildFile; fileRef = A181476D29E806AC00AC3BE2 /* LoginResource.swift */; };
		A181477029E8074200AC3BE2 /* LogoutResource.swift in Sources */ = {isa = PBXBuildFile; fileRef = A181476F29E8074200AC3BE2 /* LogoutResource.swift */; };
		A181477329E83FEB00AC3BE2 /* RefreshRequestRetrier.swift in Sources */ = {isa = PBXBuildFile; fileRef = A181477229E83FEB00AC3BE2 /* RefreshRequestRetrier.swift */; };
		A181477529E84A5400AC3BE2 /* AccessTokenModel.swift in Sources */ = {isa = PBXBuildFile; fileRef = A181477429E84A5400AC3BE2 /* AccessTokenModel.swift */; };
		A182EDA32A0E7129005C4DEC /* HomeNavigationController.swift in Sources */ = {isa = PBXBuildFile; fileRef = A182EDA22A0E7129005C4DEC /* HomeNavigationController.swift */; };
		A182EDA52A0E727B005C4DEC /* CalendarViewController.swift in Sources */ = {isa = PBXBuildFile; fileRef = A182EDA42A0E727B005C4DEC /* CalendarViewController.swift */; };
		A182EDA72A0E8F25005C4DEC /* HomeViewController.swift in Sources */ = {isa = PBXBuildFile; fileRef = A182EDA62A0E8F25005C4DEC /* HomeViewController.swift */; };
		A18EB9FF2A21304B00B075C6 /* EventFormTableViewController.swift in Sources */ = {isa = PBXBuildFile; fileRef = A18EB9FE2A21304B00B075C6 /* EventFormTableViewController.swift */; };
		A1A249C629F582770083295E /* makeRounded.swift in Sources */ = {isa = PBXBuildFile; fileRef = A1A249C529F582770083295E /* makeRounded.swift */; };
		A1BD28162A041F3300321219 /* resizeImage.swift in Sources */ = {isa = PBXBuildFile; fileRef = A1BD28152A041F3300321219 /* resizeImage.swift */; };
		A1C227E02A167E840022588B /* EventCategories.swift in Sources */ = {isa = PBXBuildFile; fileRef = A1C227DE2A167E840022588B /* EventCategories.swift */; };
		A1C227E12A167E840022588B /* CalEventTableViewController.swift in Sources */ = {isa = PBXBuildFile; fileRef = A1C227DF2A167E840022588B /* CalEventTableViewController.swift */; };
		A1C3EA2229FEA5110010625B /* DisplayNameContainerViewController.swift in Sources */ = {isa = PBXBuildFile; fileRef = A1C3EA2129FEA5110010625B /* DisplayNameContainerViewController.swift */; };
		A1C3EA2429FEA5440010625B /* DisplayNameTableViewController.swift in Sources */ = {isa = PBXBuildFile; fileRef = A1C3EA2329FEA5440010625B /* DisplayNameTableViewController.swift */; };
		A1C3EA2629FEB13A0010625B /* UpdateProfileResource.swift in Sources */ = {isa = PBXBuildFile; fileRef = A1C3EA2529FEB13A0010625B /* UpdateProfileResource.swift */; };
		A1C3EA2B29FECDE80010625B /* PasswordTableViewController.swift in Sources */ = {isa = PBXBuildFile; fileRef = A1C3EA2A29FECDE80010625B /* PasswordTableViewController.swift */; };
		A1C3EA2D29FECE050010625B /* PasswordContainerViewController.swift in Sources */ = {isa = PBXBuildFile; fileRef = A1C3EA2C29FECE050010625B /* PasswordContainerViewController.swift */; };
		A1C3EA2F29FED7550010625B /* UpdatePasswordResource.swift in Sources */ = {isa = PBXBuildFile; fileRef = A1C3EA2E29FED7550010625B /* UpdatePasswordResource.swift */; };
		A1E878E42A1777D80091E38F /* CalEventDetailsTableViewController.swift in Sources */ = {isa = PBXBuildFile; fileRef = A1E878E32A1777D70091E38F /* CalEventDetailsTableViewController.swift */; };
		A1E878E82A17813F0091E38F /* CalEventDetailsViewController.swift in Sources */ = {isa = PBXBuildFile; fileRef = A1E878E72A17813F0091E38F /* CalEventDetailsViewController.swift */; };
		A1FC149529E9A7980018ACDA /* RefreshRequestAdapter.swift in Sources */ = {isa = PBXBuildFile; fileRef = A1FC149429E9A7980018ACDA /* RefreshRequestAdapter.swift */; };
		ABED7267871E483C36C0B557 /* Pods_tribehub_ios.framework in Frameworks */ = {isa = PBXBuildFile; fileRef = 89C884B005C668714920E99F /* Pods_tribehub_ios.framework */; };
/* End PBXBuildFile section */

/* Begin PBXContainerItemProxy section */
		A17EAC2D29CDC96A00D7CE00 /* PBXContainerItemProxy */ = {
			isa = PBXContainerItemProxy;
			containerPortal = A17EAC0E29CDC96600D7CE00 /* Project object */;
			proxyType = 1;
			remoteGlobalIDString = A17EAC1529CDC96600D7CE00;
			remoteInfo = "tribehub-ios";
		};
		A17EAC3729CDC96A00D7CE00 /* PBXContainerItemProxy */ = {
			isa = PBXContainerItemProxy;
			containerPortal = A17EAC0E29CDC96600D7CE00 /* Project object */;
			proxyType = 1;
			remoteGlobalIDString = A17EAC1529CDC96600D7CE00;
			remoteInfo = "tribehub-ios";
		};
/* End PBXContainerItemProxy section */

/* Begin PBXFileReference section */
		2A37207A8AF7681B7F4B5F5D /* Pods_tribehub_ios_tribehub_iosUITests.framework */ = {isa = PBXFileReference; explicitFileType = wrapper.framework; includeInIndex = 0; path = Pods_tribehub_ios_tribehub_iosUITests.framework; sourceTree = BUILT_PRODUCTS_DIR; };
		34D67961EEC9F3FAC86FD180 /* Pods-tribehub-ios.debug.xcconfig */ = {isa = PBXFileReference; includeInIndex = 1; lastKnownFileType = text.xcconfig; name = "Pods-tribehub-ios.debug.xcconfig"; path = "Target Support Files/Pods-tribehub-ios/Pods-tribehub-ios.debug.xcconfig"; sourceTree = "<group>"; };
		3A508F7368B19395AE8DCDC9 /* Pods-tribehub-iosTests.debug.xcconfig */ = {isa = PBXFileReference; includeInIndex = 1; lastKnownFileType = text.xcconfig; name = "Pods-tribehub-iosTests.debug.xcconfig"; path = "Target Support Files/Pods-tribehub-iosTests/Pods-tribehub-iosTests.debug.xcconfig"; sourceTree = "<group>"; };
		41DC82A742F9975049FCDD6B /* Pods-tribehub-iosTests.release.xcconfig */ = {isa = PBXFileReference; includeInIndex = 1; lastKnownFileType = text.xcconfig; name = "Pods-tribehub-iosTests.release.xcconfig"; path = "Target Support Files/Pods-tribehub-iosTests/Pods-tribehub-iosTests.release.xcconfig"; sourceTree = "<group>"; };
		4A3E890785F6B997CE0D04E4 /* Pods-tribehub-ios-tribehub-iosUITests.release.xcconfig */ = {isa = PBXFileReference; includeInIndex = 1; lastKnownFileType = text.xcconfig; name = "Pods-tribehub-ios-tribehub-iosUITests.release.xcconfig"; path = "Target Support Files/Pods-tribehub-ios-tribehub-iosUITests/Pods-tribehub-ios-tribehub-iosUITests.release.xcconfig"; sourceTree = "<group>"; };
		882317436843A57DC94DECEE /* Pods-tribehub-ios.release.xcconfig */ = {isa = PBXFileReference; includeInIndex = 1; lastKnownFileType = text.xcconfig; name = "Pods-tribehub-ios.release.xcconfig"; path = "Target Support Files/Pods-tribehub-ios/Pods-tribehub-ios.release.xcconfig"; sourceTree = "<group>"; };
		89C884B005C668714920E99F /* Pods_tribehub_ios.framework */ = {isa = PBXFileReference; explicitFileType = wrapper.framework; includeInIndex = 0; path = Pods_tribehub_ios.framework; sourceTree = BUILT_PRODUCTS_DIR; };
		A117B97A29F2FF1700F7E40A /* HTTPError.swift */ = {isa = PBXFileReference; lastKnownFileType = sourcecode.swift; path = HTTPError.swift; sourceTree = "<group>"; };
		A119739F2A05410D00816B0D /* Base */ = {isa = PBXFileReference; lastKnownFileType = file.storyboard; name = Base; path = Base.lproj/Account.storyboard; sourceTree = "<group>"; };
		A1357CB329F29D0E00C90347 /* makeErrorAlert.swift */ = {isa = PBXFileReference; lastKnownFileType = sourcecode.swift; path = makeErrorAlert.swift; sourceTree = "<group>"; };
		A1357CB529F2A4D700C90347 /* TribeModelController.swift */ = {isa = PBXFileReference; lastKnownFileType = sourcecode.swift; path = TribeModelController.swift; sourceTree = "<group>"; };
		A1357CB729F2CA4700C90347 /* TabBarViewController.swift */ = {isa = PBXFileReference; lastKnownFileType = sourcecode.swift; path = TabBarViewController.swift; sourceTree = "<group>"; };
		A13EB3F229FAB9D300750023 /* AccountNavigationController.swift */ = {isa = PBXFileReference; lastKnownFileType = sourcecode.swift; path = AccountNavigationController.swift; sourceTree = "<group>"; };
		A13EB3F429FABAE500750023 /* AccountViewController.swift */ = {isa = PBXFileReference; lastKnownFileType = sourcecode.swift; path = AccountViewController.swift; sourceTree = "<group>"; };
		A13EB3F929FAD04F00750023 /* AccountTableViewController.swift */ = {isa = PBXFileReference; lastKnownFileType = sourcecode.swift; path = AccountTableViewController.swift; sourceTree = "<group>"; };
		A13EB3FB29FAEB3800750023 /* ManageTribeTableViewController.swift */ = {isa = PBXFileReference; lastKnownFileType = sourcecode.swift; path = ManageTribeTableViewController.swift; sourceTree = "<group>"; };
		A13EB3FE29FAFA3E00750023 /* GenericAPIResponse.swift */ = {isa = PBXFileReference; lastKnownFileType = sourcecode.swift; path = GenericAPIResponse.swift; sourceTree = "<group>"; };
		A13EB40029FAFB1400750023 /* DeleteUserResource.swift */ = {isa = PBXFileReference; lastKnownFileType = sourcecode.swift; path = DeleteUserResource.swift; sourceTree = "<group>"; };
		A1551B9229D59F2B00D30446 /* APIResource.swift */ = {isa = PBXFileReference; lastKnownFileType = sourcecode.swift; path = APIResource.swift; sourceTree = "<group>"; };
		A1551B9429D5A13500D30446 /* UserResource.swift */ = {isa = PBXFileReference; lastKnownFileType = sourcecode.swift; path = UserResource.swift; sourceTree = "<group>"; };
		A1551B9929D5A81000D30446 /* APIRequest.swift */ = {isa = PBXFileReference; lastKnownFileType = sourcecode.swift; path = APIRequest.swift; sourceTree = "<group>"; };
		A16031D52A0D6EE0003D96C2 /* Base */ = {isa = PBXFileReference; lastKnownFileType = file.storyboard; name = Base; path = Base.lproj/Home.storyboard; sourceTree = "<group>"; };
		A16031D82A0D703D003D96C2 /* Base */ = {isa = PBXFileReference; lastKnownFileType = file.storyboard; name = Base; path = Base.lproj/Contacts.storyboard; sourceTree = "<group>"; };
		A162B8362A0D331700CC18CC /* EventsModel.swift */ = {isa = PBXFileReference; lastKnownFileType = sourcecode.swift; path = EventsModel.swift; sourceTree = "<group>"; };
		A162B8382A0D34B400CC18CC /* EventsModelController.swift */ = {isa = PBXFileReference; lastKnownFileType = sourcecode.swift; path = EventsModelController.swift; sourceTree = "<group>"; };
		A162B83A2A0D34CF00CC18CC /* EventsResource.swift */ = {isa = PBXFileReference; lastKnownFileType = sourcecode.swift; path = EventsResource.swift; sourceTree = "<group>"; };
		A167CF7A29D5E80F00240827 /* AuthResponseModel.swift */ = {isa = PBXFileReference; lastKnownFileType = sourcecode.swift; path = AuthResponseModel.swift; sourceTree = "<group>"; };
		A167CF7C29D5FC5D00240827 /* TribeResource.swift */ = {isa = PBXFileReference; lastKnownFileType = sourcecode.swift; path = TribeResource.swift; sourceTree = "<group>"; };
		A17267B629F1572B00F612E7 /* README.md */ = {isa = PBXFileReference; fileEncoding = 4; lastKnownFileType = net.daringfireball.markdown; path = README.md; sourceTree = "<group>"; };
		A17267BF29F1895F00F612E7 /* UserModelController.swift */ = {isa = PBXFileReference; lastKnownFileType = sourcecode.swift; path = UserModelController.swift; sourceTree = "<group>"; };
		A17267C829F1ACC900F612E7 /* SessionError.swift */ = {isa = PBXFileReference; lastKnownFileType = sourcecode.swift; path = SessionError.swift; sourceTree = "<group>"; };
		A17BA3D529FC260000390E79 /* AddTribeMemberTableViewController.swift */ = {isa = PBXFileReference; lastKnownFileType = sourcecode.swift; path = AddTribeMemberTableViewController.swift; sourceTree = "<group>"; };
		A17BA3D729FC2F2A00390E79 /* AddTribeMemberContainerViewController.swift */ = {isa = PBXFileReference; lastKnownFileType = sourcecode.swift; path = AddTribeMemberContainerViewController.swift; sourceTree = "<group>"; };
		A17BA3D929FC347C00390E79 /* AddNewTribeMemberResource.swift */ = {isa = PBXFileReference; lastKnownFileType = sourcecode.swift; path = AddNewTribeMemberResource.swift; sourceTree = "<group>"; };
		A17DE63D2A2A349400F2AEAD /* EventRecurrenceTypes.swift */ = {isa = PBXFileReference; lastKnownFileType = sourcecode.swift; path = EventRecurrenceTypes.swift; sourceTree = "<group>"; };
		A17E99E82A1F6EDD00734C2B /* greyImage.swift */ = {isa = PBXFileReference; lastKnownFileType = sourcecode.swift; path = greyImage.swift; sourceTree = "<group>"; };
		A17E99EA2A1F9F9600734C2B /* imageFromString.swift */ = {isa = PBXFileReference; lastKnownFileType = sourcecode.swift; path = imageFromString.swift; sourceTree = "<group>"; };
		A17E99EC2A1FC16E00734C2B /* EventResponseResource.swift */ = {isa = PBXFileReference; lastKnownFileType = sourcecode.swift; path = EventResponseResource.swift; sourceTree = "<group>"; };
		A17EAC1629CDC96600D7CE00 /* tribehub-ios.app */ = {isa = PBXFileReference; explicitFileType = wrapper.application; includeInIndex = 0; path = "tribehub-ios.app"; sourceTree = BUILT_PRODUCTS_DIR; };
		A17EAC1929CDC96600D7CE00 /* AppDelegate.swift */ = {isa = PBXFileReference; lastKnownFileType = sourcecode.swift; path = AppDelegate.swift; sourceTree = "<group>"; };
		A17EAC1B29CDC96600D7CE00 /* SceneDelegate.swift */ = {isa = PBXFileReference; lastKnownFileType = sourcecode.swift; path = SceneDelegate.swift; sourceTree = "<group>"; };
		A17EAC1D29CDC96600D7CE00 /* LoginViewController.swift */ = {isa = PBXFileReference; lastKnownFileType = sourcecode.swift; path = LoginViewController.swift; sourceTree = "<group>"; };
		A17EAC2029CDC96600D7CE00 /* Base */ = {isa = PBXFileReference; lastKnownFileType = file.storyboard; name = Base; path = Base.lproj/Main.storyboard; sourceTree = "<group>"; };
		A17EAC2229CDC96900D7CE00 /* Assets.xcassets */ = {isa = PBXFileReference; lastKnownFileType = folder.assetcatalog; path = Assets.xcassets; sourceTree = "<group>"; };
		A17EAC2529CDC96900D7CE00 /* Base */ = {isa = PBXFileReference; lastKnownFileType = file.storyboard; name = Base; path = Base.lproj/LaunchScreen.storyboard; sourceTree = "<group>"; };
		A17EAC2729CDC96900D7CE00 /* Info.plist */ = {isa = PBXFileReference; lastKnownFileType = text.plist.xml; path = Info.plist; sourceTree = "<group>"; };
		A17EAC2C29CDC96A00D7CE00 /* tribehub-iosTests.xctest */ = {isa = PBXFileReference; explicitFileType = wrapper.cfbundle; includeInIndex = 0; path = "tribehub-iosTests.xctest"; sourceTree = BUILT_PRODUCTS_DIR; };
		A17EAC3029CDC96A00D7CE00 /* tribehub_iosTests.swift */ = {isa = PBXFileReference; lastKnownFileType = sourcecode.swift; path = tribehub_iosTests.swift; sourceTree = "<group>"; };
		A17EAC3629CDC96A00D7CE00 /* tribehub-iosUITests.xctest */ = {isa = PBXFileReference; explicitFileType = wrapper.cfbundle; includeInIndex = 0; path = "tribehub-iosUITests.xctest"; sourceTree = BUILT_PRODUCTS_DIR; };
		A17EAC3A29CDC96A00D7CE00 /* tribehub_iosUITests.swift */ = {isa = PBXFileReference; lastKnownFileType = sourcecode.swift; path = tribehub_iosUITests.swift; sourceTree = "<group>"; };
		A17EAC3C29CDC96A00D7CE00 /* tribehub_iosUITestsLaunchTests.swift */ = {isa = PBXFileReference; lastKnownFileType = sourcecode.swift; path = tribehub_iosUITestsLaunchTests.swift; sourceTree = "<group>"; };
		A17EAC4B29CDFD1B00D7CE00 /* test_credentials.plist */ = {isa = PBXFileReference; lastKnownFileType = text.plist.xml; path = test_credentials.plist; sourceTree = "<group>"; };
		A17EAC4D29CE0C6B00D7CE00 /* UserModel.swift */ = {isa = PBXFileReference; lastKnownFileType = sourcecode.swift; path = UserModel.swift; sourceTree = "<group>"; };
		A17EAC4F29CE166A00D7CE00 /* TribeModel.swift */ = {isa = PBXFileReference; lastKnownFileType = sourcecode.swift; path = TribeModel.swift; sourceTree = "<group>"; };
		A181476D29E806AC00AC3BE2 /* LoginResource.swift */ = {isa = PBXFileReference; lastKnownFileType = sourcecode.swift; path = LoginResource.swift; sourceTree = "<group>"; };
		A181476F29E8074200AC3BE2 /* LogoutResource.swift */ = {isa = PBXFileReference; lastKnownFileType = sourcecode.swift; path = LogoutResource.swift; sourceTree = "<group>"; };
		A181477229E83FEB00AC3BE2 /* RefreshRequestRetrier.swift */ = {isa = PBXFileReference; lastKnownFileType = sourcecode.swift; path = RefreshRequestRetrier.swift; sourceTree = "<group>"; };
		A181477429E84A5400AC3BE2 /* AccessTokenModel.swift */ = {isa = PBXFileReference; lastKnownFileType = sourcecode.swift; path = AccessTokenModel.swift; sourceTree = "<group>"; };
		A182EDA22A0E7129005C4DEC /* HomeNavigationController.swift */ = {isa = PBXFileReference; lastKnownFileType = sourcecode.swift; path = HomeNavigationController.swift; sourceTree = "<group>"; };
		A182EDA42A0E727B005C4DEC /* CalendarViewController.swift */ = {isa = PBXFileReference; lastKnownFileType = sourcecode.swift; path = CalendarViewController.swift; sourceTree = "<group>"; };
		A182EDA62A0E8F25005C4DEC /* HomeViewController.swift */ = {isa = PBXFileReference; lastKnownFileType = sourcecode.swift; path = HomeViewController.swift; sourceTree = "<group>"; };
		A18EB9FE2A21304B00B075C6 /* EventFormTableViewController.swift */ = {isa = PBXFileReference; lastKnownFileType = sourcecode.swift; path = EventFormTableViewController.swift; sourceTree = "<group>"; };
		A1A249C529F582770083295E /* makeRounded.swift */ = {isa = PBXFileReference; lastKnownFileType = sourcecode.swift; path = makeRounded.swift; sourceTree = "<group>"; };
		A1BD28152A041F3300321219 /* resizeImage.swift */ = {isa = PBXFileReference; lastKnownFileType = sourcecode.swift; path = resizeImage.swift; sourceTree = "<group>"; };
		A1C227DE2A167E840022588B /* EventCategories.swift */ = {isa = PBXFileReference; fileEncoding = 4; lastKnownFileType = sourcecode.swift; path = EventCategories.swift; sourceTree = "<group>"; };
		A1C227DF2A167E840022588B /* CalEventTableViewController.swift */ = {isa = PBXFileReference; fileEncoding = 4; lastKnownFileType = sourcecode.swift; path = CalEventTableViewController.swift; sourceTree = "<group>"; };
		A1C3EA2129FEA5110010625B /* DisplayNameContainerViewController.swift */ = {isa = PBXFileReference; lastKnownFileType = sourcecode.swift; name = DisplayNameContainerViewController.swift; path = "tribehub-ios/AccountView/DisplayName/DisplayNameContainerViewController.swift"; sourceTree = SOURCE_ROOT; };
		A1C3EA2329FEA5440010625B /* DisplayNameTableViewController.swift */ = {isa = PBXFileReference; lastKnownFileType = sourcecode.swift; path = DisplayNameTableViewController.swift; sourceTree = "<group>"; };
		A1C3EA2529FEB13A0010625B /* UpdateProfileResource.swift */ = {isa = PBXFileReference; lastKnownFileType = sourcecode.swift; path = UpdateProfileResource.swift; sourceTree = "<group>"; };
		A1C3EA2A29FECDE80010625B /* PasswordTableViewController.swift */ = {isa = PBXFileReference; lastKnownFileType = sourcecode.swift; path = PasswordTableViewController.swift; sourceTree = "<group>"; };
		A1C3EA2C29FECE050010625B /* PasswordContainerViewController.swift */ = {isa = PBXFileReference; lastKnownFileType = sourcecode.swift; path = PasswordContainerViewController.swift; sourceTree = "<group>"; };
		A1C3EA2E29FED7550010625B /* UpdatePasswordResource.swift */ = {isa = PBXFileReference; lastKnownFileType = sourcecode.swift; path = UpdatePasswordResource.swift; sourceTree = "<group>"; };
		A1E878E32A1777D70091E38F /* CalEventDetailsTableViewController.swift */ = {isa = PBXFileReference; lastKnownFileType = sourcecode.swift; path = CalEventDetailsTableViewController.swift; sourceTree = "<group>"; };
		A1E878E72A17813F0091E38F /* CalEventDetailsViewController.swift */ = {isa = PBXFileReference; lastKnownFileType = sourcecode.swift; path = CalEventDetailsViewController.swift; sourceTree = "<group>"; };
		A1FC149429E9A7980018ACDA /* RefreshRequestAdapter.swift */ = {isa = PBXFileReference; lastKnownFileType = sourcecode.swift; path = RefreshRequestAdapter.swift; sourceTree = "<group>"; };
		CA589D1A0259C47E4697951E /* Pods-tribehub-ios-tribehub-iosUITests.debug.xcconfig */ = {isa = PBXFileReference; includeInIndex = 1; lastKnownFileType = text.xcconfig; name = "Pods-tribehub-ios-tribehub-iosUITests.debug.xcconfig"; path = "Target Support Files/Pods-tribehub-ios-tribehub-iosUITests/Pods-tribehub-ios-tribehub-iosUITests.debug.xcconfig"; sourceTree = "<group>"; };
		F7FCA9520419D7D5194AD928 /* Pods_tribehub_iosTests.framework */ = {isa = PBXFileReference; explicitFileType = wrapper.framework; includeInIndex = 0; path = Pods_tribehub_iosTests.framework; sourceTree = BUILT_PRODUCTS_DIR; };
/* End PBXFileReference section */

/* Begin PBXFrameworksBuildPhase section */
		A17EAC1329CDC96600D7CE00 /* Frameworks */ = {
			isa = PBXFrameworksBuildPhase;
			buildActionMask = 2147483647;
			files = (
				ABED7267871E483C36C0B557 /* Pods_tribehub_ios.framework in Frameworks */,
			);
			runOnlyForDeploymentPostprocessing = 0;
		};
		A17EAC2929CDC96A00D7CE00 /* Frameworks */ = {
			isa = PBXFrameworksBuildPhase;
			buildActionMask = 2147483647;
			files = (
				9C45C9F1193826A9068E494D /* Pods_tribehub_iosTests.framework in Frameworks */,
			);
			runOnlyForDeploymentPostprocessing = 0;
		};
		A17EAC3329CDC96A00D7CE00 /* Frameworks */ = {
			isa = PBXFrameworksBuildPhase;
			buildActionMask = 2147483647;
			files = (
				46928A46951586E5142ACD2E /* Pods_tribehub_ios_tribehub_iosUITests.framework in Frameworks */,
			);
			runOnlyForDeploymentPostprocessing = 0;
		};
/* End PBXFrameworksBuildPhase section */

/* Begin PBXGroup section */
		26EE8604A846CB71F7B51788 /* Frameworks */ = {
			isa = PBXGroup;
			children = (
				89C884B005C668714920E99F /* Pods_tribehub_ios.framework */,
				2A37207A8AF7681B7F4B5F5D /* Pods_tribehub_ios_tribehub_iosUITests.framework */,
				F7FCA9520419D7D5194AD928 /* Pods_tribehub_iosTests.framework */,
			);
			name = Frameworks;
			sourceTree = "<group>";
		};
		9B38F84CA222CA3A84DD54E4 /* Pods */ = {
			isa = PBXGroup;
			children = (
				34D67961EEC9F3FAC86FD180 /* Pods-tribehub-ios.debug.xcconfig */,
				882317436843A57DC94DECEE /* Pods-tribehub-ios.release.xcconfig */,
				CA589D1A0259C47E4697951E /* Pods-tribehub-ios-tribehub-iosUITests.debug.xcconfig */,
				4A3E890785F6B997CE0D04E4 /* Pods-tribehub-ios-tribehub-iosUITests.release.xcconfig */,
				3A508F7368B19395AE8DCDC9 /* Pods-tribehub-iosTests.debug.xcconfig */,
				41DC82A742F9975049FCDD6B /* Pods-tribehub-iosTests.release.xcconfig */,
			);
			path = Pods;
			sourceTree = "<group>";
		};
		A1357CB229F29C9E00C90347 /* Utils */ = {
			isa = PBXGroup;
			children = (
				A1357CB329F29D0E00C90347 /* makeErrorAlert.swift */,
				A17E99EA2A1F9F9600734C2B /* imageFromString.swift */,
				A1A249C529F582770083295E /* makeRounded.swift */,
				A17E99E82A1F6EDD00734C2B /* greyImage.swift */,
				A1BD28152A041F3300321219 /* resizeImage.swift */,
			);
			path = Utils;
			sourceTree = "<group>";
		};
		A13EB3F629FAC43800750023 /* AccountView */ = {
			isa = PBXGroup;
			children = (
				A1C3EA2029FEA4DE0010625B /* DisplayName */,
				A1C3EA2729FEC8440010625B /* Password */,
				A1C3EA1F29FEA4B50010625B /* ManageTribe */,
				A13EB3F429FABAE500750023 /* AccountViewController.swift */,
				A13EB3F929FAD04F00750023 /* AccountTableViewController.swift */,
				A13EB3F229FAB9D300750023 /* AccountNavigationController.swift */,
			);
			path = AccountView;
			sourceTree = "<group>";
		};
		A13EB3FD29FAFA1700750023 /* API */ = {
			isa = PBXGroup;
			children = (
				A13EB3FE29FAFA3E00750023 /* GenericAPIResponse.swift */,
			);
			path = API;
			sourceTree = "<group>";
		};
		A1551B9029D582BC00D30446 /* Models */ = {
			isa = PBXGroup;
			children = (
				A13EB3FD29FAFA1700750023 /* API */,
				A17267C729F1A0B700F612E7 /* AuthResponse */,
				A162B8352A0D32D600CC18CC /* Events */,
				A17267C629F1A0AD00F612E7 /* Tribe */,
				A17267BE29F1894200F612E7 /* User */,
			);
			path = Models;
			sourceTree = "<group>";
		};
		A162B8352A0D32D600CC18CC /* Events */ = {
			isa = PBXGroup;
			children = (
				A1C227DE2A167E840022588B /* EventCategories.swift */,
				A17DE63D2A2A349400F2AEAD /* EventRecurrenceTypes.swift */,
				A162B8362A0D331700CC18CC /* EventsModel.swift */,
				A162B8382A0D34B400CC18CC /* EventsModelController.swift */,
			);
			path = Events;
			sourceTree = "<group>";
		};
		A17267BE29F1894200F612E7 /* User */ = {
			isa = PBXGroup;
			children = (
				A17EAC4D29CE0C6B00D7CE00 /* UserModel.swift */,
				A17267BF29F1895F00F612E7 /* UserModelController.swift */,
			);
			path = User;
			sourceTree = "<group>";
		};
		A17267C329F18BFB00F612E7 /* Errors */ = {
			isa = PBXGroup;
			children = (
				A17267C829F1ACC900F612E7 /* SessionError.swift */,
				A117B97A29F2FF1700F7E40A /* HTTPError.swift */,
			);
			path = Errors;
			sourceTree = "<group>";
		};
		A17267C629F1A0AD00F612E7 /* Tribe */ = {
			isa = PBXGroup;
			children = (
				A17EAC4F29CE166A00D7CE00 /* TribeModel.swift */,
				A1357CB529F2A4D700C90347 /* TribeModelController.swift */,
			);
			path = Tribe;
			sourceTree = "<group>";
		};
		A17267C729F1A0B700F612E7 /* AuthResponse */ = {
			isa = PBXGroup;
			children = (
				A167CF7A29D5E80F00240827 /* AuthResponseModel.swift */,
				A181477429E84A5400AC3BE2 /* AccessTokenModel.swift */,
			);
			path = AuthResponse;
			sourceTree = "<group>";
		};
		A17EAC0D29CDC96600D7CE00 = {
			isa = PBXGroup;
			children = (
				A17267B629F1572B00F612E7 /* README.md */,
				A17EAC1829CDC96600D7CE00 /* tribehub-ios */,
				A17EAC2F29CDC96A00D7CE00 /* tribehub-iosTests */,
				A17EAC3929CDC96A00D7CE00 /* tribehub-iosUITests */,
				A17EAC1729CDC96600D7CE00 /* Products */,
				9B38F84CA222CA3A84DD54E4 /* Pods */,
				26EE8604A846CB71F7B51788 /* Frameworks */,
			);
			sourceTree = "<group>";
		};
		A17EAC1729CDC96600D7CE00 /* Products */ = {
			isa = PBXGroup;
			children = (
				A17EAC1629CDC96600D7CE00 /* tribehub-ios.app */,
				A17EAC2C29CDC96A00D7CE00 /* tribehub-iosTests.xctest */,
				A17EAC3629CDC96A00D7CE00 /* tribehub-iosUITests.xctest */,
			);
			name = Products;
			sourceTree = "<group>";
		};
		A17EAC1829CDC96600D7CE00 /* tribehub-ios */ = {
			isa = PBXGroup;
			children = (
				A182EDA12A0E7106005C4DEC /* HomeView */,
				A13EB3F629FAC43800750023 /* AccountView */,
				A1357CB229F29C9E00C90347 /* Utils */,
				A17267C329F18BFB00F612E7 /* Errors */,
				A181477129E83FBD00AC3BE2 /* Networking */,
				A1551B9029D582BC00D30446 /* Models */,
				A17EAC1929CDC96600D7CE00 /* AppDelegate.swift */,
				A17EAC1B29CDC96600D7CE00 /* SceneDelegate.swift */,
				A1357CB729F2CA4700C90347 /* TabBarViewController.swift */,
				A17EAC1D29CDC96600D7CE00 /* LoginViewController.swift */,
				A119739E2A05410D00816B0D /* Account.storyboard */,
				A16031D72A0D703D003D96C2 /* Contacts.storyboard */,
				A16031D42A0D6EE0003D96C2 /* Home.storyboard */,
				A17EAC1F29CDC96600D7CE00 /* Main.storyboard */,
				A17EAC2229CDC96900D7CE00 /* Assets.xcassets */,
				A17EAC2429CDC96900D7CE00 /* LaunchScreen.storyboard */,
				A17EAC2729CDC96900D7CE00 /* Info.plist */,
				A17EAC4B29CDFD1B00D7CE00 /* test_credentials.plist */,
			);
			path = "tribehub-ios";
			sourceTree = "<group>";
		};
		A17EAC2F29CDC96A00D7CE00 /* tribehub-iosTests */ = {
			isa = PBXGroup;
			children = (
				A17EAC3029CDC96A00D7CE00 /* tribehub_iosTests.swift */,
			);
			path = "tribehub-iosTests";
			sourceTree = "<group>";
		};
		A17EAC3929CDC96A00D7CE00 /* tribehub-iosUITests */ = {
			isa = PBXGroup;
			children = (
				A17EAC3A29CDC96A00D7CE00 /* tribehub_iosUITests.swift */,
				A17EAC3C29CDC96A00D7CE00 /* tribehub_iosUITestsLaunchTests.swift */,
			);
			path = "tribehub-iosUITests";
			sourceTree = "<group>";
		};
		A181477129E83FBD00AC3BE2 /* Networking */ = {
			isa = PBXGroup;
			children = (
				A17BA3D929FC347C00390E79 /* AddNewTribeMemberResource.swift */,
				A1551B9929D5A81000D30446 /* APIRequest.swift */,
				A1551B9229D59F2B00D30446 /* APIResource.swift */,
				A13EB40029FAFB1400750023 /* DeleteUserResource.swift */,
				A162B83A2A0D34CF00CC18CC /* EventsResource.swift */,
				A17E99EC2A1FC16E00734C2B /* EventResponseResource.swift */,
				A181476D29E806AC00AC3BE2 /* LoginResource.swift */,
				A181476F29E8074200AC3BE2 /* LogoutResource.swift */,
				A1FC149429E9A7980018ACDA /* RefreshRequestAdapter.swift */,
				A181477229E83FEB00AC3BE2 /* RefreshRequestRetrier.swift */,
				A167CF7C29D5FC5D00240827 /* TribeResource.swift */,
				A1C3EA2E29FED7550010625B /* UpdatePasswordResource.swift */,
				A1C3EA2529FEB13A0010625B /* UpdateProfileResource.swift */,
				A1551B9429D5A13500D30446 /* UserResource.swift */,
			);
			path = Networking;
			sourceTree = "<group>";
		};
		A182EDA12A0E7106005C4DEC /* HomeView */ = {
			isa = PBXGroup;
			children = (
				A182EDA42A0E727B005C4DEC /* CalendarViewController.swift */,
				A1E878E32A1777D70091E38F /* CalEventDetailsTableViewController.swift */,
				A1E878E72A17813F0091E38F /* CalEventDetailsViewController.swift */,
				A1C227DF2A167E840022588B /* CalEventTableViewController.swift */,
				A182EDA22A0E7129005C4DEC /* HomeNavigationController.swift */,
				A182EDA62A0E8F25005C4DEC /* HomeViewController.swift */,
				A18EB9FE2A21304B00B075C6 /* EventFormTableViewController.swift */,
			);
			path = HomeView;
			sourceTree = "<group>";
		};
		A1C3EA1F29FEA4B50010625B /* ManageTribe */ = {
			isa = PBXGroup;
			children = (
				A17BA3D729FC2F2A00390E79 /* AddTribeMemberContainerViewController.swift */,
				A17BA3D529FC260000390E79 /* AddTribeMemberTableViewController.swift */,
				A13EB3FB29FAEB3800750023 /* ManageTribeTableViewController.swift */,
			);
			path = ManageTribe;
			sourceTree = "<group>";
		};
		A1C3EA2029FEA4DE0010625B /* DisplayName */ = {
			isa = PBXGroup;
			children = (
				A1C3EA2129FEA5110010625B /* DisplayNameContainerViewController.swift */,
				A1C3EA2329FEA5440010625B /* DisplayNameTableViewController.swift */,
			);
			path = DisplayName;
			sourceTree = "<group>";
		};
		A1C3EA2729FEC8440010625B /* Password */ = {
			isa = PBXGroup;
			children = (
				A1C3EA2C29FECE050010625B /* PasswordContainerViewController.swift */,
				A1C3EA2A29FECDE80010625B /* PasswordTableViewController.swift */,
			);
			path = Password;
			sourceTree = "<group>";
		};
/* End PBXGroup section */

/* Begin PBXNativeTarget section */
		A17EAC1529CDC96600D7CE00 /* tribehub-ios */ = {
			isa = PBXNativeTarget;
			buildConfigurationList = A17EAC4029CDC96A00D7CE00 /* Build configuration list for PBXNativeTarget "tribehub-ios" */;
			buildPhases = (
				B5CF7A6261DEE897CA5DCC86 /* [CP] Check Pods Manifest.lock */,
				A17EAC1229CDC96600D7CE00 /* Sources */,
				A17EAC1329CDC96600D7CE00 /* Frameworks */,
				A17EAC1429CDC96600D7CE00 /* Resources */,
				4187AE800E9E008CF022E534 /* [CP] Embed Pods Frameworks */,
			);
			buildRules = (
			);
			dependencies = (
			);
			name = "tribehub-ios";
			productName = "tribehub-ios";
			productReference = A17EAC1629CDC96600D7CE00 /* tribehub-ios.app */;
			productType = "com.apple.product-type.application";
		};
		A17EAC2B29CDC96A00D7CE00 /* tribehub-iosTests */ = {
			isa = PBXNativeTarget;
			buildConfigurationList = A17EAC4329CDC96A00D7CE00 /* Build configuration list for PBXNativeTarget "tribehub-iosTests" */;
			buildPhases = (
				3E180E170D0F6502EB16C770 /* [CP] Check Pods Manifest.lock */,
				A17EAC2829CDC96A00D7CE00 /* Sources */,
				A17EAC2929CDC96A00D7CE00 /* Frameworks */,
				A17EAC2A29CDC96A00D7CE00 /* Resources */,
			);
			buildRules = (
			);
			dependencies = (
				A17EAC2E29CDC96A00D7CE00 /* PBXTargetDependency */,
			);
			name = "tribehub-iosTests";
			productName = "tribehub-iosTests";
			productReference = A17EAC2C29CDC96A00D7CE00 /* tribehub-iosTests.xctest */;
			productType = "com.apple.product-type.bundle.unit-test";
		};
		A17EAC3529CDC96A00D7CE00 /* tribehub-iosUITests */ = {
			isa = PBXNativeTarget;
			buildConfigurationList = A17EAC4629CDC96A00D7CE00 /* Build configuration list for PBXNativeTarget "tribehub-iosUITests" */;
			buildPhases = (
				B2048C45E77EB9173C2E16FB /* [CP] Check Pods Manifest.lock */,
				A17EAC3229CDC96A00D7CE00 /* Sources */,
				A17EAC3329CDC96A00D7CE00 /* Frameworks */,
				A17EAC3429CDC96A00D7CE00 /* Resources */,
				3CCC3BEA048DF6A2AD36364B /* [CP] Embed Pods Frameworks */,
			);
			buildRules = (
			);
			dependencies = (
				A17EAC3829CDC96A00D7CE00 /* PBXTargetDependency */,
			);
			name = "tribehub-iosUITests";
			productName = "tribehub-iosUITests";
			productReference = A17EAC3629CDC96A00D7CE00 /* tribehub-iosUITests.xctest */;
			productType = "com.apple.product-type.bundle.ui-testing";
		};
/* End PBXNativeTarget section */

/* Begin PBXProject section */
		A17EAC0E29CDC96600D7CE00 /* Project object */ = {
			isa = PBXProject;
			attributes = {
				BuildIndependentTargetsInParallel = 1;
				LastSwiftUpdateCheck = 1420;
				LastUpgradeCheck = 1420;
				TargetAttributes = {
					A17EAC1529CDC96600D7CE00 = {
						CreatedOnToolsVersion = 14.2;
					};
					A17EAC2B29CDC96A00D7CE00 = {
						CreatedOnToolsVersion = 14.2;
						TestTargetID = A17EAC1529CDC96600D7CE00;
					};
					A17EAC3529CDC96A00D7CE00 = {
						CreatedOnToolsVersion = 14.2;
						TestTargetID = A17EAC1529CDC96600D7CE00;
					};
				};
			};
			buildConfigurationList = A17EAC1129CDC96600D7CE00 /* Build configuration list for PBXProject "tribehub-ios" */;
			compatibilityVersion = "Xcode 14.0";
			developmentRegion = en;
			hasScannedForEncodings = 0;
			knownRegions = (
				en,
				Base,
			);
			mainGroup = A17EAC0D29CDC96600D7CE00;
			productRefGroup = A17EAC1729CDC96600D7CE00 /* Products */;
			projectDirPath = "";
			projectRoot = "";
			targets = (
				A17EAC1529CDC96600D7CE00 /* tribehub-ios */,
				A17EAC2B29CDC96A00D7CE00 /* tribehub-iosTests */,
				A17EAC3529CDC96A00D7CE00 /* tribehub-iosUITests */,
			);
		};
/* End PBXProject section */

/* Begin PBXResourcesBuildPhase section */
		A17EAC1429CDC96600D7CE00 /* Resources */ = {
			isa = PBXResourcesBuildPhase;
			buildActionMask = 2147483647;
			files = (
				A16031D62A0D6EE0003D96C2 /* Home.storyboard in Resources */,
				A16031D92A0D703D003D96C2 /* Contacts.storyboard in Resources */,
				A17EAC2629CDC96900D7CE00 /* LaunchScreen.storyboard in Resources */,
				A17EAC4C29CDFD1B00D7CE00 /* test_credentials.plist in Resources */,
				A17267B729F1572B00F612E7 /* README.md in Resources */,
				A17EAC2329CDC96900D7CE00 /* Assets.xcassets in Resources */,
				A11973A02A05410D00816B0D /* Account.storyboard in Resources */,
				A17EAC2129CDC96600D7CE00 /* Main.storyboard in Resources */,
			);
			runOnlyForDeploymentPostprocessing = 0;
		};
		A17EAC2A29CDC96A00D7CE00 /* Resources */ = {
			isa = PBXResourcesBuildPhase;
			buildActionMask = 2147483647;
			files = (
			);
			runOnlyForDeploymentPostprocessing = 0;
		};
		A17EAC3429CDC96A00D7CE00 /* Resources */ = {
			isa = PBXResourcesBuildPhase;
			buildActionMask = 2147483647;
			files = (
			);
			runOnlyForDeploymentPostprocessing = 0;
		};
/* End PBXResourcesBuildPhase section */

/* Begin PBXShellScriptBuildPhase section */
		3CCC3BEA048DF6A2AD36364B /* [CP] Embed Pods Frameworks */ = {
			isa = PBXShellScriptBuildPhase;
			buildActionMask = 2147483647;
			files = (
			);
			inputFileListPaths = (
				"${PODS_ROOT}/Target Support Files/Pods-tribehub-ios-tribehub-iosUITests/Pods-tribehub-ios-tribehub-iosUITests-frameworks-${CONFIGURATION}-input-files.xcfilelist",
			);
			name = "[CP] Embed Pods Frameworks";
			outputFileListPaths = (
				"${PODS_ROOT}/Target Support Files/Pods-tribehub-ios-tribehub-iosUITests/Pods-tribehub-ios-tribehub-iosUITests-frameworks-${CONFIGURATION}-output-files.xcfilelist",
			);
			runOnlyForDeploymentPostprocessing = 0;
			shellPath = /bin/sh;
			shellScript = "\"${PODS_ROOT}/Target Support Files/Pods-tribehub-ios-tribehub-iosUITests/Pods-tribehub-ios-tribehub-iosUITests-frameworks.sh\"\n";
			showEnvVarsInLog = 0;
		};
		3E180E170D0F6502EB16C770 /* [CP] Check Pods Manifest.lock */ = {
			isa = PBXShellScriptBuildPhase;
			buildActionMask = 2147483647;
			files = (
			);
			inputFileListPaths = (
			);
			inputPaths = (
				"${PODS_PODFILE_DIR_PATH}/Podfile.lock",
				"${PODS_ROOT}/Manifest.lock",
			);
			name = "[CP] Check Pods Manifest.lock";
			outputFileListPaths = (
			);
			outputPaths = (
				"$(DERIVED_FILE_DIR)/Pods-tribehub-iosTests-checkManifestLockResult.txt",
			);
			runOnlyForDeploymentPostprocessing = 0;
			shellPath = /bin/sh;
			shellScript = "diff \"${PODS_PODFILE_DIR_PATH}/Podfile.lock\" \"${PODS_ROOT}/Manifest.lock\" > /dev/null\nif [ $? != 0 ] ; then\n    # print error to STDERR\n    echo \"error: The sandbox is not in sync with the Podfile.lock. Run 'pod install' or update your CocoaPods installation.\" >&2\n    exit 1\nfi\n# This output is used by Xcode 'outputs' to avoid re-running this script phase.\necho \"SUCCESS\" > \"${SCRIPT_OUTPUT_FILE_0}\"\n";
			showEnvVarsInLog = 0;
		};
		4187AE800E9E008CF022E534 /* [CP] Embed Pods Frameworks */ = {
			isa = PBXShellScriptBuildPhase;
			buildActionMask = 2147483647;
			files = (
			);
			inputFileListPaths = (
				"${PODS_ROOT}/Target Support Files/Pods-tribehub-ios/Pods-tribehub-ios-frameworks-${CONFIGURATION}-input-files.xcfilelist",
			);
			name = "[CP] Embed Pods Frameworks";
			outputFileListPaths = (
				"${PODS_ROOT}/Target Support Files/Pods-tribehub-ios/Pods-tribehub-ios-frameworks-${CONFIGURATION}-output-files.xcfilelist",
			);
			runOnlyForDeploymentPostprocessing = 0;
			shellPath = /bin/sh;
			shellScript = "\"${PODS_ROOT}/Target Support Files/Pods-tribehub-ios/Pods-tribehub-ios-frameworks.sh\"\n";
			showEnvVarsInLog = 0;
		};
		B2048C45E77EB9173C2E16FB /* [CP] Check Pods Manifest.lock */ = {
			isa = PBXShellScriptBuildPhase;
			buildActionMask = 2147483647;
			files = (
			);
			inputFileListPaths = (
			);
			inputPaths = (
				"${PODS_PODFILE_DIR_PATH}/Podfile.lock",
				"${PODS_ROOT}/Manifest.lock",
			);
			name = "[CP] Check Pods Manifest.lock";
			outputFileListPaths = (
			);
			outputPaths = (
				"$(DERIVED_FILE_DIR)/Pods-tribehub-ios-tribehub-iosUITests-checkManifestLockResult.txt",
			);
			runOnlyForDeploymentPostprocessing = 0;
			shellPath = /bin/sh;
			shellScript = "diff \"${PODS_PODFILE_DIR_PATH}/Podfile.lock\" \"${PODS_ROOT}/Manifest.lock\" > /dev/null\nif [ $? != 0 ] ; then\n    # print error to STDERR\n    echo \"error: The sandbox is not in sync with the Podfile.lock. Run 'pod install' or update your CocoaPods installation.\" >&2\n    exit 1\nfi\n# This output is used by Xcode 'outputs' to avoid re-running this script phase.\necho \"SUCCESS\" > \"${SCRIPT_OUTPUT_FILE_0}\"\n";
			showEnvVarsInLog = 0;
		};
		B5CF7A6261DEE897CA5DCC86 /* [CP] Check Pods Manifest.lock */ = {
			isa = PBXShellScriptBuildPhase;
			buildActionMask = 2147483647;
			files = (
			);
			inputFileListPaths = (
			);
			inputPaths = (
				"${PODS_PODFILE_DIR_PATH}/Podfile.lock",
				"${PODS_ROOT}/Manifest.lock",
			);
			name = "[CP] Check Pods Manifest.lock";
			outputFileListPaths = (
			);
			outputPaths = (
				"$(DERIVED_FILE_DIR)/Pods-tribehub-ios-checkManifestLockResult.txt",
			);
			runOnlyForDeploymentPostprocessing = 0;
			shellPath = /bin/sh;
			shellScript = "diff \"${PODS_PODFILE_DIR_PATH}/Podfile.lock\" \"${PODS_ROOT}/Manifest.lock\" > /dev/null\nif [ $? != 0 ] ; then\n    # print error to STDERR\n    echo \"error: The sandbox is not in sync with the Podfile.lock. Run 'pod install' or update your CocoaPods installation.\" >&2\n    exit 1\nfi\n# This output is used by Xcode 'outputs' to avoid re-running this script phase.\necho \"SUCCESS\" > \"${SCRIPT_OUTPUT_FILE_0}\"\n";
			showEnvVarsInLog = 0;
		};
/* End PBXShellScriptBuildPhase section */

/* Begin PBXSourcesBuildPhase section */
		A17EAC1229CDC96600D7CE00 /* Sources */ = {
			isa = PBXSourcesBuildPhase;
			buildActionMask = 2147483647;
			files = (
				A1C3EA2629FEB13A0010625B /* UpdateProfileResource.swift in Sources */,
				A17E99ED2A1FC16E00734C2B /* EventResponseResource.swift in Sources */,
				A1357CB629F2A4D700C90347 /* TribeModelController.swift in Sources */,
				A1E878E42A1777D80091E38F /* CalEventDetailsTableViewController.swift in Sources */,
				A17EAC1E29CDC96600D7CE00 /* LoginViewController.swift in Sources */,
				A13EB3F529FABAE500750023 /* AccountViewController.swift in Sources */,
				A181477529E84A5400AC3BE2 /* AccessTokenModel.swift in Sources */,
				A1BD28162A041F3300321219 /* resizeImage.swift in Sources */,
				A17EAC1A29CDC96600D7CE00 /* AppDelegate.swift in Sources */,
				A182EDA72A0E8F25005C4DEC /* HomeViewController.swift in Sources */,
				A1357CB829F2CA4700C90347 /* TabBarViewController.swift in Sources */,
				A17EAC5029CE166A00D7CE00 /* TribeModel.swift in Sources */,
				A1C227E02A167E840022588B /* EventCategories.swift in Sources */,
				A1C3EA2429FEA5440010625B /* DisplayNameTableViewController.swift in Sources */,
				A182EDA32A0E7129005C4DEC /* HomeNavigationController.swift in Sources */,
				A162B83B2A0D34CF00CC18CC /* EventsResource.swift in Sources */,
				A181477029E8074200AC3BE2 /* LogoutResource.swift in Sources */,
				A117B97B29F2FF1700F7E40A /* HTTPError.swift in Sources */,
				A17267C929F1ACC900F612E7 /* SessionError.swift in Sources */,
				A162B8372A0D331700CC18CC /* EventsModel.swift in Sources */,
				A13EB3FA29FAD04F00750023 /* AccountTableViewController.swift in Sources */,
				A181477329E83FEB00AC3BE2 /* RefreshRequestRetrier.swift in Sources */,
				A13EB3FF29FAFA3E00750023 /* GenericAPIResponse.swift in Sources */,
				A17BA3D629FC260000390E79 /* AddTribeMemberTableViewController.swift in Sources */,
				A13EB40129FAFB1400750023 /* DeleteUserResource.swift in Sources */,
				A18EB9FF2A21304B00B075C6 /* EventFormTableViewController.swift in Sources */,
				A1C227E12A167E840022588B /* CalEventTableViewController.swift in Sources */,
				A17BA3DA29FC347C00390E79 /* AddNewTribeMemberResource.swift in Sources */,
				A17EAC1C29CDC96600D7CE00 /* SceneDelegate.swift in Sources */,
				A13EB3FC29FAEB3800750023 /* ManageTribeTableViewController.swift in Sources */,
				A17E99E92A1F6EDE00734C2B /* greyImage.swift in Sources */,
				A167CF7B29D5E80F00240827 /* AuthResponseModel.swift in Sources */,
				A1E878E82A17813F0091E38F /* CalEventDetailsViewController.swift in Sources */,
				A1C3EA2D29FECE050010625B /* PasswordContainerViewController.swift in Sources */,
				A1551B9329D59F2B00D30446 /* APIResource.swift in Sources */,
				A17BA3D829FC2F2A00390E79 /* AddTribeMemberContainerViewController.swift in Sources */,
				A1A249C629F582770083295E /* makeRounded.swift in Sources */,
				A17DE63E2A2A349400F2AEAD /* EventRecurrenceTypes.swift in Sources */,
				A17E99EB2A1F9F9600734C2B /* imageFromString.swift in Sources */,
				A1C3EA2B29FECDE80010625B /* PasswordTableViewController.swift in Sources */,
				A181476E29E806AC00AC3BE2 /* LoginResource.swift in Sources */,
				A1551B9529D5A13500D30446 /* UserResource.swift in Sources */,
				A13EB3F329FAB9D300750023 /* AccountNavigationController.swift in Sources */,
				A17267C029F1895F00F612E7 /* UserModelController.swift in Sources */,
				A1551B9A29D5A81000D30446 /* APIRequest.swift in Sources */,
				A17EAC4E29CE0C6B00D7CE00 /* UserModel.swift in Sources */,
				A1C3EA2F29FED7550010625B /* UpdatePasswordResource.swift in Sources */,
				A182EDA52A0E727B005C4DEC /* CalendarViewController.swift in Sources */,
				A1C3EA2229FEA5110010625B /* DisplayNameContainerViewController.swift in Sources */,
				A1357CB429F29D0E00C90347 /* makeErrorAlert.swift in Sources */,
				A167CF7D29D5FC5D00240827 /* TribeResource.swift in Sources */,
				A162B8392A0D34B400CC18CC /* EventsModelController.swift in Sources */,
				A1FC149529E9A7980018ACDA /* RefreshRequestAdapter.swift in Sources */,
			);
			runOnlyForDeploymentPostprocessing = 0;
		};
		A17EAC2829CDC96A00D7CE00 /* Sources */ = {
			isa = PBXSourcesBuildPhase;
			buildActionMask = 2147483647;
			files = (
				A17EAC3129CDC96A00D7CE00 /* tribehub_iosTests.swift in Sources */,
			);
			runOnlyForDeploymentPostprocessing = 0;
		};
		A17EAC3229CDC96A00D7CE00 /* Sources */ = {
			isa = PBXSourcesBuildPhase;
			buildActionMask = 2147483647;
			files = (
				A17EAC3B29CDC96A00D7CE00 /* tribehub_iosUITests.swift in Sources */,
				A17EAC3D29CDC96A00D7CE00 /* tribehub_iosUITestsLaunchTests.swift in Sources */,
			);
			runOnlyForDeploymentPostprocessing = 0;
		};
/* End PBXSourcesBuildPhase section */

/* Begin PBXTargetDependency section */
		A17EAC2E29CDC96A00D7CE00 /* PBXTargetDependency */ = {
			isa = PBXTargetDependency;
			target = A17EAC1529CDC96600D7CE00 /* tribehub-ios */;
			targetProxy = A17EAC2D29CDC96A00D7CE00 /* PBXContainerItemProxy */;
		};
		A17EAC3829CDC96A00D7CE00 /* PBXTargetDependency */ = {
			isa = PBXTargetDependency;
			target = A17EAC1529CDC96600D7CE00 /* tribehub-ios */;
			targetProxy = A17EAC3729CDC96A00D7CE00 /* PBXContainerItemProxy */;
		};
/* End PBXTargetDependency section */

/* Begin PBXVariantGroup section */
		A119739E2A05410D00816B0D /* Account.storyboard */ = {
			isa = PBXVariantGroup;
			children = (
				A119739F2A05410D00816B0D /* Base */,
			);
			name = Account.storyboard;
			sourceTree = "<group>";
		};
		A16031D42A0D6EE0003D96C2 /* Home.storyboard */ = {
			isa = PBXVariantGroup;
			children = (
				A16031D52A0D6EE0003D96C2 /* Base */,
			);
			name = Home.storyboard;
			sourceTree = "<group>";
		};
		A16031D72A0D703D003D96C2 /* Contacts.storyboard */ = {
			isa = PBXVariantGroup;
			children = (
				A16031D82A0D703D003D96C2 /* Base */,
			);
			name = Contacts.storyboard;
			sourceTree = "<group>";
		};
		A17EAC1F29CDC96600D7CE00 /* Main.storyboard */ = {
			isa = PBXVariantGroup;
			children = (
				A17EAC2029CDC96600D7CE00 /* Base */,
			);
			name = Main.storyboard;
			sourceTree = "<group>";
		};
		A17EAC2429CDC96900D7CE00 /* LaunchScreen.storyboard */ = {
			isa = PBXVariantGroup;
			children = (
				A17EAC2529CDC96900D7CE00 /* Base */,
			);
			name = LaunchScreen.storyboard;
			sourceTree = "<group>";
		};
/* End PBXVariantGroup section */

/* Begin XCBuildConfiguration section */
		A17EAC3E29CDC96A00D7CE00 /* Debug */ = {
			isa = XCBuildConfiguration;
			buildSettings = {
				ALWAYS_SEARCH_USER_PATHS = NO;
				CLANG_ANALYZER_NONNULL = YES;
				CLANG_ANALYZER_NUMBER_OBJECT_CONVERSION = YES_AGGRESSIVE;
				CLANG_CXX_LANGUAGE_STANDARD = "gnu++20";
				CLANG_ENABLE_MODULES = YES;
				CLANG_ENABLE_OBJC_ARC = YES;
				CLANG_ENABLE_OBJC_WEAK = YES;
				CLANG_WARN_BLOCK_CAPTURE_AUTORELEASING = YES;
				CLANG_WARN_BOOL_CONVERSION = YES;
				CLANG_WARN_COMMA = YES;
				CLANG_WARN_CONSTANT_CONVERSION = YES;
				CLANG_WARN_DEPRECATED_OBJC_IMPLEMENTATIONS = YES;
				CLANG_WARN_DIRECT_OBJC_ISA_USAGE = YES_ERROR;
				CLANG_WARN_DOCUMENTATION_COMMENTS = YES;
				CLANG_WARN_EMPTY_BODY = YES;
				CLANG_WARN_ENUM_CONVERSION = YES;
				CLANG_WARN_INFINITE_RECURSION = YES;
				CLANG_WARN_INT_CONVERSION = YES;
				CLANG_WARN_NON_LITERAL_NULL_CONVERSION = YES;
				CLANG_WARN_OBJC_IMPLICIT_RETAIN_SELF = YES;
				CLANG_WARN_OBJC_LITERAL_CONVERSION = YES;
				CLANG_WARN_OBJC_ROOT_CLASS = YES_ERROR;
				CLANG_WARN_QUOTED_INCLUDE_IN_FRAMEWORK_HEADER = YES;
				CLANG_WARN_RANGE_LOOP_ANALYSIS = YES;
				CLANG_WARN_STRICT_PROTOTYPES = YES;
				CLANG_WARN_SUSPICIOUS_MOVE = YES;
				CLANG_WARN_UNGUARDED_AVAILABILITY = YES_AGGRESSIVE;
				CLANG_WARN_UNREACHABLE_CODE = YES;
				CLANG_WARN__DUPLICATE_METHOD_MATCH = YES;
				COPY_PHASE_STRIP = NO;
				DEBUG_INFORMATION_FORMAT = dwarf;
				ENABLE_STRICT_OBJC_MSGSEND = YES;
				ENABLE_TESTABILITY = YES;
				GCC_C_LANGUAGE_STANDARD = gnu11;
				GCC_DYNAMIC_NO_PIC = NO;
				GCC_NO_COMMON_BLOCKS = YES;
				GCC_OPTIMIZATION_LEVEL = 0;
				GCC_PREPROCESSOR_DEFINITIONS = (
					"DEBUG=1",
					"$(inherited)",
				);
				GCC_WARN_64_TO_32_BIT_CONVERSION = YES;
				GCC_WARN_ABOUT_RETURN_TYPE = YES_ERROR;
				GCC_WARN_UNDECLARED_SELECTOR = YES;
				GCC_WARN_UNINITIALIZED_AUTOS = YES_AGGRESSIVE;
				GCC_WARN_UNUSED_FUNCTION = YES;
				GCC_WARN_UNUSED_VARIABLE = YES;
				IPHONEOS_DEPLOYMENT_TARGET = 16.2;
				MTL_ENABLE_DEBUG_INFO = INCLUDE_SOURCE;
				MTL_FAST_MATH = YES;
				ONLY_ACTIVE_ARCH = YES;
				SDKROOT = iphoneos;
				SWIFT_ACTIVE_COMPILATION_CONDITIONS = DEBUG;
				SWIFT_OPTIMIZATION_LEVEL = "-Onone";
			};
			name = Debug;
		};
		A17EAC3F29CDC96A00D7CE00 /* Release */ = {
			isa = XCBuildConfiguration;
			buildSettings = {
				ALWAYS_SEARCH_USER_PATHS = NO;
				CLANG_ANALYZER_NONNULL = YES;
				CLANG_ANALYZER_NUMBER_OBJECT_CONVERSION = YES_AGGRESSIVE;
				CLANG_CXX_LANGUAGE_STANDARD = "gnu++20";
				CLANG_ENABLE_MODULES = YES;
				CLANG_ENABLE_OBJC_ARC = YES;
				CLANG_ENABLE_OBJC_WEAK = YES;
				CLANG_WARN_BLOCK_CAPTURE_AUTORELEASING = YES;
				CLANG_WARN_BOOL_CONVERSION = YES;
				CLANG_WARN_COMMA = YES;
				CLANG_WARN_CONSTANT_CONVERSION = YES;
				CLANG_WARN_DEPRECATED_OBJC_IMPLEMENTATIONS = YES;
				CLANG_WARN_DIRECT_OBJC_ISA_USAGE = YES_ERROR;
				CLANG_WARN_DOCUMENTATION_COMMENTS = YES;
				CLANG_WARN_EMPTY_BODY = YES;
				CLANG_WARN_ENUM_CONVERSION = YES;
				CLANG_WARN_INFINITE_RECURSION = YES;
				CLANG_WARN_INT_CONVERSION = YES;
				CLANG_WARN_NON_LITERAL_NULL_CONVERSION = YES;
				CLANG_WARN_OBJC_IMPLICIT_RETAIN_SELF = YES;
				CLANG_WARN_OBJC_LITERAL_CONVERSION = YES;
				CLANG_WARN_OBJC_ROOT_CLASS = YES_ERROR;
				CLANG_WARN_QUOTED_INCLUDE_IN_FRAMEWORK_HEADER = YES;
				CLANG_WARN_RANGE_LOOP_ANALYSIS = YES;
				CLANG_WARN_STRICT_PROTOTYPES = YES;
				CLANG_WARN_SUSPICIOUS_MOVE = YES;
				CLANG_WARN_UNGUARDED_AVAILABILITY = YES_AGGRESSIVE;
				CLANG_WARN_UNREACHABLE_CODE = YES;
				CLANG_WARN__DUPLICATE_METHOD_MATCH = YES;
				COPY_PHASE_STRIP = NO;
				DEBUG_INFORMATION_FORMAT = "dwarf-with-dsym";
				ENABLE_NS_ASSERTIONS = NO;
				ENABLE_STRICT_OBJC_MSGSEND = YES;
				GCC_C_LANGUAGE_STANDARD = gnu11;
				GCC_NO_COMMON_BLOCKS = YES;
				GCC_WARN_64_TO_32_BIT_CONVERSION = YES;
				GCC_WARN_ABOUT_RETURN_TYPE = YES_ERROR;
				GCC_WARN_UNDECLARED_SELECTOR = YES;
				GCC_WARN_UNINITIALIZED_AUTOS = YES_AGGRESSIVE;
				GCC_WARN_UNUSED_FUNCTION = YES;
				GCC_WARN_UNUSED_VARIABLE = YES;
				IPHONEOS_DEPLOYMENT_TARGET = 16.2;
				MTL_ENABLE_DEBUG_INFO = NO;
				MTL_FAST_MATH = YES;
				SDKROOT = iphoneos;
				SWIFT_COMPILATION_MODE = wholemodule;
				SWIFT_OPTIMIZATION_LEVEL = "-O";
				VALIDATE_PRODUCT = YES;
			};
			name = Release;
		};
		A17EAC4129CDC96A00D7CE00 /* Debug */ = {
			isa = XCBuildConfiguration;
			baseConfigurationReference = 34D67961EEC9F3FAC86FD180 /* Pods-tribehub-ios.debug.xcconfig */;
			buildSettings = {
				ASSETCATALOG_COMPILER_APPICON_NAME = AppIcon;
				ASSETCATALOG_COMPILER_GLOBAL_ACCENT_COLOR_NAME = AccentColor;
				CODE_SIGN_STYLE = Automatic;
				CURRENT_PROJECT_VERSION = 1;
				DEVELOPMENT_TEAM = KYFNJLKEB7;
				GENERATE_INFOPLIST_FILE = YES;
				INFOPLIST_FILE = "tribehub-ios/Info.plist";
				INFOPLIST_KEY_UIApplicationSupportsIndirectInputEvents = YES;
				INFOPLIST_KEY_UILaunchStoryboardName = LaunchScreen;
				INFOPLIST_KEY_UIMainStoryboardFile = Main;
				INFOPLIST_KEY_UISupportedInterfaceOrientations_iPad = "UIInterfaceOrientationPortrait UIInterfaceOrientationPortraitUpsideDown UIInterfaceOrientationLandscapeLeft UIInterfaceOrientationLandscapeRight";
				INFOPLIST_KEY_UISupportedInterfaceOrientations_iPhone = "UIInterfaceOrientationPortrait UIInterfaceOrientationLandscapeLeft UIInterfaceOrientationLandscapeRight";
				LD_RUNPATH_SEARCH_PATHS = (
					"$(inherited)",
					"@executable_path/Frameworks",
				);
				MARKETING_VERSION = 1.0;
				PRODUCT_BUNDLE_IDENTIFIER = "ACG.tribehub-ios";
				PRODUCT_NAME = "$(TARGET_NAME)";
				SUPPORTED_PLATFORMS = "iphoneos iphonesimulator";
				SUPPORTS_MACCATALYST = NO;
				SUPPORTS_MAC_DESIGNED_FOR_IPHONE_IPAD = NO;
				SWIFT_EMIT_LOC_STRINGS = YES;
				SWIFT_VERSION = 5.0;
				TARGETED_DEVICE_FAMILY = 1;
			};
			name = Debug;
		};
		A17EAC4229CDC96A00D7CE00 /* Release */ = {
			isa = XCBuildConfiguration;
			baseConfigurationReference = 882317436843A57DC94DECEE /* Pods-tribehub-ios.release.xcconfig */;
			buildSettings = {
				ASSETCATALOG_COMPILER_APPICON_NAME = AppIcon;
				ASSETCATALOG_COMPILER_GLOBAL_ACCENT_COLOR_NAME = AccentColor;
				CODE_SIGN_STYLE = Automatic;
				CURRENT_PROJECT_VERSION = 1;
				DEVELOPMENT_TEAM = KYFNJLKEB7;
				GENERATE_INFOPLIST_FILE = YES;
				INFOPLIST_FILE = "tribehub-ios/Info.plist";
				INFOPLIST_KEY_UIApplicationSupportsIndirectInputEvents = YES;
				INFOPLIST_KEY_UILaunchStoryboardName = LaunchScreen;
				INFOPLIST_KEY_UIMainStoryboardFile = Main;
				INFOPLIST_KEY_UISupportedInterfaceOrientations_iPad = "UIInterfaceOrientationPortrait UIInterfaceOrientationPortraitUpsideDown UIInterfaceOrientationLandscapeLeft UIInterfaceOrientationLandscapeRight";
				INFOPLIST_KEY_UISupportedInterfaceOrientations_iPhone = "UIInterfaceOrientationPortrait UIInterfaceOrientationLandscapeLeft UIInterfaceOrientationLandscapeRight";
				LD_RUNPATH_SEARCH_PATHS = (
					"$(inherited)",
					"@executable_path/Frameworks",
				);
				MARKETING_VERSION = 1.0;
				PRODUCT_BUNDLE_IDENTIFIER = "ACG.tribehub-ios";
				PRODUCT_NAME = "$(TARGET_NAME)";
				SUPPORTED_PLATFORMS = "iphoneos iphonesimulator";
				SUPPORTS_MACCATALYST = NO;
				SUPPORTS_MAC_DESIGNED_FOR_IPHONE_IPAD = NO;
				SWIFT_EMIT_LOC_STRINGS = YES;
				SWIFT_VERSION = 5.0;
				TARGETED_DEVICE_FAMILY = 1;
			};
			name = Release;
		};
		A17EAC4429CDC96A00D7CE00 /* Debug */ = {
			isa = XCBuildConfiguration;
			baseConfigurationReference = 3A508F7368B19395AE8DCDC9 /* Pods-tribehub-iosTests.debug.xcconfig */;
			buildSettings = {
				ALWAYS_EMBED_SWIFT_STANDARD_LIBRARIES = YES;
				BUNDLE_LOADER = "$(TEST_HOST)";
				CODE_SIGN_STYLE = Automatic;
				CURRENT_PROJECT_VERSION = 1;
				DEVELOPMENT_TEAM = KYFNJLKEB7;
				GENERATE_INFOPLIST_FILE = YES;
				IPHONEOS_DEPLOYMENT_TARGET = 16.2;
				MARKETING_VERSION = 1.0;
				PRODUCT_BUNDLE_IDENTIFIER = "ACG.tribehub-iosTests";
				PRODUCT_NAME = "$(TARGET_NAME)";
				SWIFT_EMIT_LOC_STRINGS = NO;
				SWIFT_VERSION = 5.0;
				TARGETED_DEVICE_FAMILY = "1,2";
				TEST_HOST = "$(BUILT_PRODUCTS_DIR)/tribehub-ios.app/$(BUNDLE_EXECUTABLE_FOLDER_PATH)/tribehub-ios";
			};
			name = Debug;
		};
		A17EAC4529CDC96A00D7CE00 /* Release */ = {
			isa = XCBuildConfiguration;
			baseConfigurationReference = 41DC82A742F9975049FCDD6B /* Pods-tribehub-iosTests.release.xcconfig */;
			buildSettings = {
				ALWAYS_EMBED_SWIFT_STANDARD_LIBRARIES = YES;
				BUNDLE_LOADER = "$(TEST_HOST)";
				CODE_SIGN_STYLE = Automatic;
				CURRENT_PROJECT_VERSION = 1;
				DEVELOPMENT_TEAM = KYFNJLKEB7;
				GENERATE_INFOPLIST_FILE = YES;
				IPHONEOS_DEPLOYMENT_TARGET = 16.2;
				MARKETING_VERSION = 1.0;
				PRODUCT_BUNDLE_IDENTIFIER = "ACG.tribehub-iosTests";
				PRODUCT_NAME = "$(TARGET_NAME)";
				SWIFT_EMIT_LOC_STRINGS = NO;
				SWIFT_VERSION = 5.0;
				TARGETED_DEVICE_FAMILY = "1,2";
				TEST_HOST = "$(BUILT_PRODUCTS_DIR)/tribehub-ios.app/$(BUNDLE_EXECUTABLE_FOLDER_PATH)/tribehub-ios";
			};
			name = Release;
		};
		A17EAC4729CDC96A00D7CE00 /* Debug */ = {
			isa = XCBuildConfiguration;
			baseConfigurationReference = CA589D1A0259C47E4697951E /* Pods-tribehub-ios-tribehub-iosUITests.debug.xcconfig */;
			buildSettings = {
				ALWAYS_EMBED_SWIFT_STANDARD_LIBRARIES = YES;
				CODE_SIGN_STYLE = Automatic;
				CURRENT_PROJECT_VERSION = 1;
				DEVELOPMENT_TEAM = KYFNJLKEB7;
				GENERATE_INFOPLIST_FILE = YES;
				MARKETING_VERSION = 1.0;
				PRODUCT_BUNDLE_IDENTIFIER = "ACG.tribehub-iosUITests";
				PRODUCT_NAME = "$(TARGET_NAME)";
				SWIFT_EMIT_LOC_STRINGS = NO;
				SWIFT_VERSION = 5.0;
				TARGETED_DEVICE_FAMILY = "1,2";
				TEST_TARGET_NAME = "tribehub-ios";
			};
			name = Debug;
		};
		A17EAC4829CDC96A00D7CE00 /* Release */ = {
			isa = XCBuildConfiguration;
			baseConfigurationReference = 4A3E890785F6B997CE0D04E4 /* Pods-tribehub-ios-tribehub-iosUITests.release.xcconfig */;
			buildSettings = {
				ALWAYS_EMBED_SWIFT_STANDARD_LIBRARIES = YES;
				CODE_SIGN_STYLE = Automatic;
				CURRENT_PROJECT_VERSION = 1;
				DEVELOPMENT_TEAM = KYFNJLKEB7;
				GENERATE_INFOPLIST_FILE = YES;
				MARKETING_VERSION = 1.0;
				PRODUCT_BUNDLE_IDENTIFIER = "ACG.tribehub-iosUITests";
				PRODUCT_NAME = "$(TARGET_NAME)";
				SWIFT_EMIT_LOC_STRINGS = NO;
				SWIFT_VERSION = 5.0;
				TARGETED_DEVICE_FAMILY = "1,2";
				TEST_TARGET_NAME = "tribehub-ios";
			};
			name = Release;
		};
/* End XCBuildConfiguration section */

/* Begin XCConfigurationList section */
		A17EAC1129CDC96600D7CE00 /* Build configuration list for PBXProject "tribehub-ios" */ = {
			isa = XCConfigurationList;
			buildConfigurations = (
				A17EAC3E29CDC96A00D7CE00 /* Debug */,
				A17EAC3F29CDC96A00D7CE00 /* Release */,
			);
			defaultConfigurationIsVisible = 0;
			defaultConfigurationName = Release;
		};
		A17EAC4029CDC96A00D7CE00 /* Build configuration list for PBXNativeTarget "tribehub-ios" */ = {
			isa = XCConfigurationList;
			buildConfigurations = (
				A17EAC4129CDC96A00D7CE00 /* Debug */,
				A17EAC4229CDC96A00D7CE00 /* Release */,
			);
			defaultConfigurationIsVisible = 0;
			defaultConfigurationName = Release;
		};
		A17EAC4329CDC96A00D7CE00 /* Build configuration list for PBXNativeTarget "tribehub-iosTests" */ = {
			isa = XCConfigurationList;
			buildConfigurations = (
				A17EAC4429CDC96A00D7CE00 /* Debug */,
				A17EAC4529CDC96A00D7CE00 /* Release */,
			);
			defaultConfigurationIsVisible = 0;
			defaultConfigurationName = Release;
		};
		A17EAC4629CDC96A00D7CE00 /* Build configuration list for PBXNativeTarget "tribehub-iosUITests" */ = {
			isa = XCConfigurationList;
			buildConfigurations = (
				A17EAC4729CDC96A00D7CE00 /* Debug */,
				A17EAC4829CDC96A00D7CE00 /* Release */,
			);
			defaultConfigurationIsVisible = 0;
			defaultConfigurationName = Release;
		};
/* End XCConfigurationList section */
	};
	rootObject = A17EAC0E29CDC96600D7CE00 /* Project object */;
}
